<?xml version="1.0" encoding="UTF-8"?>
<CONFIG>
  <ProjectOptions>
    <Version Value="11"/>
    <PathDelim Value="\"/>
    <General>
      <Flags>
        <MainUnitHasUsesSectionForAllUnits Value="False"/>
        <MainUnitHasCreateFormStatements Value="False"/>
        <MainUnitHasTitleStatement Value="False"/>
        <MainUnitHasScaledStatement Value="False"/>
      </Flags>
      <SessionStorage Value="InProjectDir"/>
      <MainUnit Value="0"/>
      <Title Value="Pn"/>
      <UseAppBundle Value="False"/>
      <ResourceType Value="res"/>
    </General>
    <BuildModes Count="1">
      <Item1 Name="Default" Default="True"/>
    </BuildModes>
    <PublishOptions>
      <Version Value="2"/>
      <UseFileFilters Value="True"/>
    </PublishOptions>
    <RunParams>
      <FormatVersion Value="2"/>
      <Modes Count="0"/>
    </RunParams>
    <RequiredPackages Count="2">
      <Item1>
        <PackageName Value="Printer4Lazarus"/>
      </Item1>
      <Item2>
        <PackageName Value="LCL"/>
      </Item2>
    </RequiredPackages>
    <Units Count="29">
      <Unit0>
        <Filename Value="Pn.lpr"/>
        <IsPartOfProject Value="True"/>
        <UnitName Value="PN"/>
      </Unit0>
      <Unit1>
        <Filename Value="units\genfuncs.pas"/>
        <IsPartOfProject Value="True"/>
      </Unit1>
      <Unit2>
        <Filename Value="units\about.pas"/>
        <IsPartOfProject Value="True"/>
        <HasResources Value="True"/>
      </Unit2>
      <Unit3>
        <Filename Value="units\print.pas"/>
        <IsPartOfProject Value="True"/>
        <HasResources Value="True"/>
      </Unit3>
      <Unit4>
        <Filename Value="units\options.pas"/>
        <IsPartOfProject Value="True"/>
        <HasResources Value="True"/>
      </Unit4>
      <Unit5>
        <Filename Value="units\preview.pas"/>
        <IsPartOfProject Value="True"/>
        <HasResources Value="True"/>
      </Unit5>
      <Unit6>
        <Filename Value="units\welcome.pas"/>
        <IsPartOfProject Value="True"/>
        <HasResources Value="True"/>
      </Unit6>
      <Unit7>
        <Filename Value="units\newtool.pas"/>
        <IsPartOfProject Value="True"/>
        <HasResources Value="True"/>
      </Unit7>
      <Unit8>
        <Filename Value="units\useful.pas"/>
        <IsPartOfProject Value="True"/>
      </Unit8>
      <Unit9>
        <Filename Value="units\hexedprv.pas"/>
        <IsPartOfProject Value="True"/>
        <HasResources Value="True"/>
      </Unit9>
      <Unit10>
        <Filename Value="units\main.pas"/>
        <IsPartOfProject Value="True"/>
        <HasResources Value="True"/>
      </Unit10>
      <Unit11>
        <Filename Value="units\editor.pas"/>
        <IsPartOfProject Value="True"/>
        <HasResources Value="True"/>
      </Unit11>
      <Unit12>
        <Filename Value="units\pntypes.pas"/>
        <IsPartOfProject Value="True"/>
      </Unit12>
      <Unit13>
        <Filename Value="units\pndefs.pas"/>
        <IsPartOfProject Value="True"/>
      </Unit13>
      <Unit14>
        <Filename Value="units\pff.pas"/>
        <IsPartOfProject Value="True"/>
        <HasResources Value="True"/>
      </Unit14>
      <Unit15>
        <Filename Value="units\plgiface.pas"/>
        <IsPartOfProject Value="True"/>
      </Unit15>
      <Unit16>
        <Filename Value="units\bkmrkmru.pas"/>
        <IsPartOfProject Value="True"/>
      </Unit16>
      <Unit17>
        <Filename Value="units\parserrepos.pas"/>
        <IsPartOfProject Value="True"/>
        <HasResources Value="True"/>
      </Unit17>
      <Unit18>
        <Filename Value="units\execute.pas"/>
        <IsPartOfProject Value="True"/>
      </Unit18>
      <Unit19>
        <Filename Value="units\hotkey.pas"/>
        <IsPartOfProject Value="True"/>
        <UnitName Value="HotKey"/>
      </Unit19>
      <Unit20>
        <Filename Value="units\FindDlg.pas"/>
        <IsPartOfProject Value="True"/>
        <HasResources Value="True"/>
      </Unit20>
      <Unit21>
        <Filename Value="units\ReplDlg.pas"/>
        <IsPartOfProject Value="True"/>
        <HasResources Value="True"/>
      </Unit21>
      <Unit22>
        <Filename Value="units\GrepResultsDlg.pas"/>
        <IsPartOfProject Value="True"/>
        <HasResources Value="True"/>
      </Unit22>
      <Unit23>
        <Filename Value="units\GrepSearchDlg.pas"/>
        <IsPartOfProject Value="True"/>
        <HasResources Value="True"/>
      </Unit23>
      <Unit24>
        <Filename Value="units\SearchFile.pas"/>
        <IsPartOfProject Value="True"/>
      </Unit24>
      <Unit25>
        <Filename Value="units\helper.pas"/>
        <IsPartOfProject Value="True"/>
        <HasResources Value="True"/>
      </Unit25>
      <Unit26>
        <Filename Value="units\eports.pas"/>
        <IsPartOfProject Value="True"/>
      </Unit26>
      <Unit27>
        <Filename Value="units\hh.pas"/>
        <IsPartOfProject Value="True"/>
      </Unit27>
      <Unit28>
        <Filename Value="units\hh_funcs.pas"/>
        <IsPartOfProject Value="True"/>
      </Unit28>
    </Units>
  </ProjectOptions>
  <CompilerOptions>
    <Version Value="11"/>
    <PathDelim Value="\"/>
    <SearchPaths>
      <IncludeFiles Value="units"/>
      <OtherUnitFiles Value="units"/>
      <UnitOutputDirectory Value="lib\$(TargetCPU)-$(TargetOS)"/>
    </SearchPaths>
    <Parsing>
      <SyntaxOptions>
        <SyntaxMode Value="delphi"/>
      </SyntaxOptions>
    </Parsing>
    <Linking>
      <Options>
        <Win32>
          <GraphicApplication Value="True"/>
        </Win32>
      </Options>
    </Linking>
    <Other>
      <CustomOptions Value="-dBorland -dVer150 -dDelphi7 -dCompiler6_Up -dPUREPASCAL"/>
    </Other>
  </CompilerOptions>
  <Debugging>
    <Exceptions Count="3">
      <Item1>
        <Name Value="EAbort"/>
      </Item1>
      <Item2>
        <Name Value="ECodetoolError"/>
      </Item2>
      <Item3>
        <Name Value="EFOpenError"/>
      </Item3>
    </Exceptions>
  </Debugging>
</CONFIG>
